// !$*UTF8*$!
{
	archiveVersion = 1;
	classes = {
	};
	objectVersion = 46;
	objects = {

/* Begin PBXBuildFile section */
		631A20EE2016155200F2C5DF /* Weather2.swift in Sources */ = {isa = PBXBuildFile; fileRef = 631A20ED2016155200F2C5DF /* Weather2.swift */; };
		631A20F2201671C000F2C5DF /* Weather3.swift in Sources */ = {isa = PBXBuildFile; fileRef = 631A20F1201671C000F2C5DF /* Weather3.swift */; };
		638BE4A7201416B7002241DA /* AppDelegate.swift in Sources */ = {isa = PBXBuildFile; fileRef = 638BE4A6201416B7002241DA /* AppDelegate.swift */; };
		638BE4AC201416B7002241DA /* Main.storyboard in Resources */ = {isa = PBXBuildFile; fileRef = 638BE4AA201416B7002241DA /* Main.storyboard */; };
		638BE4AE201416B7002241DA /* Assets.xcassets in Resources */ = {isa = PBXBuildFile; fileRef = 638BE4AD201416B7002241DA /* Assets.xcassets */; };
		638BE4B1201416B7002241DA /* LaunchScreen.storyboard in Resources */ = {isa = PBXBuildFile; fileRef = 638BE4AF201416B7002241DA /* LaunchScreen.storyboard */; };
		638BE4B92014197F002241DA /* WeatherTableViewController.swift in Sources */ = {isa = PBXBuildFile; fileRef = 638BE4B82014197F002241DA /* WeatherTableViewController.swift */; };
		638BE4BB20141AA4002241DA /* Weather.swift in Sources */ = {isa = PBXBuildFile; fileRef = 638BE4BA20141AA4002241DA /* Weather.swift */; };
/* End PBXBuildFile section */

/* Begin PBXFileReference section */
		631A20ED2016155200F2C5DF /* Weather2.swift */ = {isa = PBXFileReference; fileEncoding = 4; lastKnownFileType = sourcecode.swift; path = Weather2.swift; sourceTree = "<group>"; };
		631A20F1201671C000F2C5DF /* Weather3.swift */ = {isa = PBXFileReference; fileEncoding = 4; lastKnownFileType = sourcecode.swift; path = Weather3.swift; sourceTree = "<group>"; };
		638BE4A3201416B7002241DA /* WeatherApp.app */ = {isa = PBXFileReference; explicitFileType = wrapper.application; includeInIndex = 0; path = WeatherApp.app; sourceTree = BUILT_PRODUCTS_DIR; };
		638BE4A6201416B7002241DA /* AppDelegate.swift */ = {isa = PBXFileReference; lastKnownFileType = sourcecode.swift; path = AppDelegate.swift; sourceTree = "<group>"; };
		638BE4AB201416B7002241DA /* Base */ = {isa = PBXFileReference; lastKnownFileType = file.storyboard; name = Base; path = Base.lproj/Main.storyboard; sourceTree = "<group>"; };
		638BE4AD201416B7002241DA /* Assets.xcassets */ = {isa = PBXFileReference; lastKnownFileType = folder.assetcatalog; path = Assets.xcassets; sourceTree = "<group>"; };
		638BE4B0201416B7002241DA /* Base */ = {isa = PBXFileReference; lastKnownFileType = file.storyboard; name = Base; path = Base.lproj/LaunchScreen.storyboard; sourceTree = "<group>"; };
		638BE4B2201416B7002241DA /* Info.plist */ = {isa = PBXFileReference; lastKnownFileType = text.plist.xml; path = Info.plist; sourceTree = "<group>"; };
		638BE4B82014197F002241DA /* WeatherTableViewController.swift */ = {isa = PBXFileReference; fileEncoding = 4; lastKnownFileType = sourcecode.swift; path = WeatherTableViewController.swift; sourceTree = "<group>"; };
		638BE4BA20141AA4002241DA /* Weather.swift */ = {isa = PBXFileReference; fileEncoding = 4; lastKnownFileType = sourcecode.swift; path = Weather.swift; sourceTree = "<group>"; };
/* End PBXFileReference section */

/* Begin PBXFrameworksBuildPhase section */
		638BE4A0201416B7002241DA /* Frameworks */ = {
			isa = PBXFrameworksBuildPhase;
			buildActionMask = 2147483647;
			files = (
			);
			runOnlyForDeploymentPostprocessing = 0;
		};
/* End PBXFrameworksBuildPhase section */

/* Begin PBXGroup section */
		638BE49A201416B7002241DA = {
			isa = PBXGroup;
			children = (
				638BE4A5201416B7002241DA /* WeatherApp */,
				638BE4A4201416B7002241DA /* Products */,
			);
			sourceTree = "<group>";
		};
		638BE4A4201416B7002241DA /* Products */ = {
			isa = PBXGroup;
			children = (
				638BE4A3201416B7002241DA /* WeatherApp.app */,
			);
			name = Products;
			sourceTree = "<group>";
		};
		638BE4A5201416B7002241DA /* WeatherApp */ = {
			isa = PBXGroup;
			children = (
				638BE4A6201416B7002241DA /* AppDelegate.swift */,
				638BE4B82014197F002241DA /* WeatherTableViewController.swift */,
				638BE4AA201416B7002241DA /* Main.storyboard */,
				638BE4AD201416B7002241DA /* Assets.xcassets */,
				638BE4AF201416B7002241DA /* LaunchScreen.storyboard */,
				638BE4B2201416B7002241DA /* Info.plist */,
				638BE4BA20141AA4002241DA /* Weather.swift */,
				631A20ED2016155200F2C5DF /* Weather2.swift */,
				631A20F1201671C000F2C5DF /* Weather3.swift */,
			);
			path = WeatherApp;
			sourceTree = "<group>";
		};
/* End PBXGroup section */

/* Begin PBXNativeTarget section */
		638BE4A2201416B7002241DA /* WeatherApp */ = {
			isa = PBXNativeTarget;
			buildConfigurationList = 638BE4B5201416B7002241DA /* Build configuration list for PBXNativeTarget "WeatherApp" */;
			buildPhases = (
				638BE49F201416B7002241DA /* Sources */,
				638BE4A0201416B7002241DA /* Frameworks */,
				638BE4A1201416B7002241DA /* Resources */,
			);
			buildRules = (
			);
			dependencies = (
			);
			name = WeatherApp;
			productName = SwiftWeather;
			productReference = 638BE4A3201416B7002241DA /* WeatherApp.app */;
			productType = "com.apple.product-type.application";
		};
/* End PBXNativeTarget section */

/* Begin PBXProject section */
		638BE49B201416B7002241DA /* Project object */ = {
			isa = PBXProject;
			attributes = {
				LastSwiftUpdateCheck = 0820;
				LastUpgradeCheck = 0820;
				ORGANIZATIONNAME = "Sanyam Yadav";
				TargetAttributes = {
					638BE4A2201416B7002241DA = {
						CreatedOnToolsVersion = 8.2.1;
						ProvisioningStyle = Automatic;
					};
				};
			};
			buildConfigurationList = 638BE49E201416B7002241DA /* Build configuration list for PBXProject "WeatherApp" */;
			compatibilityVersion = "Xcode 3.2";
			developmentRegion = English;
			hasScannedForEncodings = 0;
			knownRegions = (
				en,
				Base,
			);
			mainGroup = 638BE49A201416B7002241DA;
			productRefGroup = 638BE4A4201416B7002241DA /* Products */;
			projectDirPath = "";
			projectRoot = "";
			targets = (
				638BE4A2201416B7002241DA /* WeatherApp */,
			);
		};
/* End PBXProject section */

/* Begin PBXResourcesBuildPhase section */
		638BE4A1201416B7002241DA /* Resources */ = {
			isa = PBXResourcesBuildPhase;
			buildActionMask = 2147483647;
			files = (
				638BE4B1201416B7002241DA /* LaunchScreen.storyboard in Resources */,
				638BE4AE201416B7002241DA /* Assets.xcassets in Resources */,
				638BE4AC201416B7002241DA /* Main.storyboard in Resources */,
			);
			runOnlyForDeploymentPostprocessing = 0;
		};
/* End PBXResourcesBuildPhase section */

/* Begin PBXSourcesBuildPhase section */
		638BE49F201416B7002241DA /* Sources */ = {
			isa = PBXSourcesBuildPhase;
			buildActionMask = 2147483647;
			files = (
				638BE4B92014197F002241DA /* WeatherTableViewController.swift in Sources */,
				631A20F2201671C000F2C5DF /* Weather3.swift in Sources */,
				638BE4BB20141AA4002241DA /* Weather.swift in Sources */,
				638BE4A7201416B7002241DA /* AppDelegate.swift in Sources */,
				631A20EE2016155200F2C5DF /* Weather2.swift in Sources */,
			);
			runOnlyForDeploymentPostprocessing = 0;
		};
/* End PBXSourcesBuildPhase section */

/* Begin PBXVariantGroup section */
		638BE4AA201416B7002241DA /* Main.storyboard */ = {
			isa = PBXVariantGroup;
			children = (
				638BE4AB201416B7002241DA /* Base */,
			);
			name = Main.storyboard;
			sourceTree = "<group>";
		};
		638BE4AF201416B7002241DA /* LaunchScreen.storyboard */ = {
			isa = PBXVariantGroup;
			children = (
				638BE4B0201416B7002241DA /* Base */,
			);
			name = LaunchScreen.storyboard;
			sourceTree = "<group>";
		};
/* End PBXVariantGroup section */

/* Begin XCBuildConfiguration section */
		638BE4B3201416B7002241DA /* Debug */ = {
			isa = XCBuildConfiguration;
			buildSettings = {
				ALWAYS_SEARCH_USER_PATHS = NO;
				CLANG_ANALYZER_NONNULL = YES;
				CLANG_CXX_LANGUAGE_STANDARD = "gnu++0x";
				CLANG_CXX_LIBRARY = "libc++";
				CLANG_ENABLE_MODULES = YES;
				CLANG_ENABLE_OBJC_ARC = YES;
				CLANG_WARN_BOOL_CONVERSION = YES;
				CLANG_WARN_CONSTANT_CONVERSION = YES;
				CLANG_WARN_DIRECT_OBJC_ISA_USAGE = YES_ERROR;
				CLANG_WARN_DOCUMENTATION_COMMENTS = YES;
				CLANG_WARN_EMPTY_BODY = YES;
				CLANG_WARN_ENUM_CONVERSION = YES;
				CLANG_WARN_INFINITE_RECURSION = YES;
				CLANG_WARN_INT_CONVERSION = YES;
				CLANG_WARN_OBJC_ROOT_CLASS = YES_ERROR;
				CLANG_WARN_SUSPICIOUS_MOVE = YES;
				CLANG_WARN_UNREACHABLE_CODE = YES;
				CLANG_WARN__DUPLICATE_METHOD_MATCH = YES;
				"CODE_SIGN_IDENTITY[sdk=iphoneos*]" = "iPhone Developer";
				COPY_PHASE_STRIP = NO;
				DEBUG_INFORMATION_FORMAT = dwarf;
				ENABLE_STRICT_OBJC_MSGSEND = YES;
				ENABLE_TESTABILITY = YES;
				GCC_C_LANGUAGE_STANDARD = gnu99;
				GCC_DYNAMIC_NO_PIC = NO;
				GCC_NO_COMMON_BLOCKS = YES;
				GCC_OPTIMIZATION_LEVEL = 0;
				GCC_PREPROCESSOR_DEFINITIONS = (
					"DEBUG=1",
					"$(inherited)",
				);
				GCC_WARN_64_TO_32_BIT_CONVERSION = YES;
				GCC_WARN_ABOUT_RETURN_TYPE = YES_ERROR;
				GCC_WARN_UNDECLARED_SELECTOR = YES;
				GCC_WARN_UNINITIALIZED_AUTOS = YES_AGGRESSIVE;
				GCC_WARN_UNUSED_FUNCTION = YES;
				GCC_WARN_UNUSED_VARIABLE = YES;
				IPHONEOS_DEPLOYMENT_TARGET = 10.2;
				MTL_ENABLE_DEBUG_INFO = YES;
				ONLY_ACTIVE_ARCH = YES;
				SDKROOT = iphoneos;
				SWIFT_ACTIVE_COMPILATION_CONDITIONS = DEBUG;
				SWIFT_OPTIMIZATION_LEVEL = "-Onone";
			};
			name = Debug;
		};
		638BE4B4201416B7002241DA /* Release */ = {
			isa = XCBuildConfiguration;
			buildSettings = {
				ALWAYS_SEARCH_USER_PATHS = NO;
				CLANG_ANALYZER_NONNULL = YES;
				CLANG_CXX_LANGUAGE_STANDARD = "gnu++0x";
				CLANG_CXX_LIBRARY = "libc++";
				CLANG_ENABLE_MODULES = YES;
				CLANG_ENABLE_OBJC_ARC = YES;
				CLANG_WARN_BOOL_CONVERSION = YES;
				CLANG_WARN_CONSTANT_CONVERSION = YES;
				CLANG_WARN_DIRECT_OBJC_ISA_USAGE = YES_ERROR;
				CLANG_WARN_DOCUMENTATION_COMMENTS = YES;
				CLANG_WARN_EMPTY_BODY = YES;
				CLANG_WARN_ENUM_CONVERSION = YES;
				CLANG_WARN_INFINITE_RECURSION = YES;
				CLANG_WARN_INT_CONVERSION = YES;
				CLANG_WARN_OBJC_ROOT_CLASS = YES_ERROR;
				CLANG_WARN_SUSPICIOUS_MOVE = YES;
				CLANG_WARN_UNREACHABLE_CODE = YES;
				CLANG_WARN__DUPLICATE_METHOD_MATCH = YES;
				"CODE_SIGN_IDENTITY[sdk=iphoneos*]" = "iPhone Developer";
				COPY_PHASE_STRIP = NO;
				DEBUG_INFORMATION_FORMAT = "dwarf-with-dsym";
				ENABLE_NS_ASSERTIONS = NO;
				ENABLE_STRICT_OBJC_MSGSEND = YES;
				GCC_C_LANGUAGE_STANDARD = gnu99;
				GCC_NO_COMMON_BLOCKS = YES;
				GCC_WARN_64_TO_32_BIT_CONVERSION = YES;
				GCC_WARN_ABOUT_RETURN_TYPE = YES_ERROR;
				GCC_WARN_UNDECLARED_SELECTOR = YES;
				GCC_WARN_UNINITIALIZED_AUTOS = YES_AGGRESSIVE;
				GCC_WARN_UNUSED_FUNCTION = YES;
				GCC_WARN_UNUSED_VARIABLE = YES;
				IPHONEOS_DEPLOYMENT_TARGET = 10.2;
				MTL_ENABLE_DEBUG_INFO = NO;
				SDKROOT = iphoneos;
				SWIFT_OPTIMIZATION_LEVEL = "-Owholemodule";
				VALIDATE_PRODUCT = YES;
			};
			name = Release;
		};
		638BE4B6201416B7002241DA /* Debug */ = {
			isa = XCBuildConfiguration;
			buildSettings = {
				ASSETCATALOG_COMPILER_APPICON_NAME = AppIcon;
				INFOPLIST_FILE = WeatherApp/Info.plist;
				LD_RUNPATH_SEARCH_PATHS = "$(inherited) @executable_path/Frameworks";
				PRODUCT_BUNDLE_IDENTIFIER = com.WeatherApp;
				PRODUCT_NAME = "$(TARGET_NAME)";
				SWIFT_VERSION = 3.0;
			};
			name = Debug;
		};
		638BE4B7201416B7002241DA /* Release */ = {
			isa = XCBuildConfiguration;
			buildSettings = {
				ASSETCATALOG_COMPILER_APPICON_NAME = AppIcon;
				INFOPLIST_FILE = WeatherApp/Info.plist;
				LD_RUNPATH_SEARCH_PATHS = "$(inherited) @executable_path/Frameworks";
				PRODUCT_BUNDLE_IDENTIFIER = com.WeatherApp;
				PRODUCT_NAME = "$(TARGET_NAME)";
				SWIFT_VERSION = 3.0;
			};
			name = Release;
		};
/* End XCBuildConfiguration section */

/* Begin XCConfigurationList section */
		638BE49E201416B7002241DA /* Build configuration list for PBXProject "WeatherApp" */ = {
			isa = XCConfigurationList;
			buildConfigurations = (
				638BE4B3201416B7002241DA /* Debug */,
				638BE4B4201416B7002241DA /* Release */,
			);
			defaultConfigurationIsVisible = 0;
			defaultConfigurationName = Release;
		};
		638BE4B5201416B7002241DA /* Build configuration list for PBXNativeTarget "WeatherApp" */ = {
			isa = XCConfigurationList;
			buildConfigurations = (
				638BE4B6201416B7002241DA /* Debug */,
				638BE4B7201416B7002241DA /* Release */,
			);
			defaultConfigurationIsVisible = 0;
			defaultConfigurationName = Release;
		};
/* End XCConfigurationList section */
	};
	rootObject = 638BE49B201416B7002241DA /* Project object */;
}
